PODS:
  - FileExplorer (1.0.4)

DEPENDENCIES:
  - FileExplorer (from `./../FileExplorer.podspec.json`)

EXTERNAL SOURCES:
  FileExplorer:
    :path: "./../FileExplorer.podspec.json"

SPEC CHECKSUMS:
  FileExplorer: 9869dc386f080fa7c05083370b07ec0c8a4ced3f

PODFILE CHECKSUM: b50f1f0e1d3ffec0efd25348499f4e7572ad6b8f

COCOAPODS: 1.9.2
